{
  "pins" : [
    {
      "identity" : "nvactivityindicatorview",
      "kind" : "remoteSourceControl",
      "location" : "https://github.com/ninjaprox/NVActivityIndicatorView",
      "state" : {
        "branch" : "master",
        "revision" : "93f5bdb857cbf545a281cd08f7954ddea76855a5"
      }
    },
    {
      "identity" : "permissionskit",
      "kind" : "remoteSourceControl",
      "location" : "https://github.com/sparrowcode/PermissionsKit",
      "state" : {
        "branch" : "main",
        "revision" : "b3b87d4e3afa37cd4ddaf1f1091f37df2cd9d05b"
      }
    }
  ],
  "version" : 2
}
